PODS:
  - AFNetworking (3.1.0):
    - AFNetworking/NSURLSession (= 3.1.0)
    - AFNetworking/Reachability (= 3.1.0)
    - AFNetworking/Security (= 3.1.0)
    - AFNetworking/Serialization (= 3.1.0)
    - AFNetworking/UIKit (= 3.1.0)
  - AFNetworking/NSURLSession (3.1.0):
    - AFNetworking/Reachability
    - AFNetworking/Security
    - AFNetworking/Serialization
  - AFNetworking/Reachability (3.1.0)
  - AFNetworking/Security (3.1.0)
  - AFNetworking/Serialization (3.1.0)
  - AFNetworking/UIKit (3.1.0):
    - AFNetworking/NSURLSession
  - Chalkdigital-Mobile-Ads-G-SDK (1.0.3):
    - AFNetworking (< 4.0, >= 2.0)

DEPENDENCIES:
  - Chalkdigital-Mobile-Ads-G-SDK

SPEC CHECKSUMS:
  AFNetworking: 5e0e199f73d8626b11e79750991f5d173d1f8b67
  Chalkdigital-Mobile-Ads-G-SDK: c6603cfbf48005ed84fc6430307dfb9444cf089d

PODFILE CHECKSUM: ef2035976f7658ff06ca12f7c63434216697bef9

COCOAPODS: 1.1.0
